// !$*UTF8*$!
{
	archiveVersion = 1;
	classes = {
	};
	objectVersion = 46;
	objects = {

/* Begin PBXBuildFile section */
		CCD089351DB151DB004A0F6D /* AppDelegate.swift in Sources */ = {isa = PBXBuildFile; fileRef = CCD089341DB151DB004A0F6D /* AppDelegate.swift */; };
		CCD0893A1DB151DB004A0F6D /* Main.storyboard in Resources */ = {isa = PBXBuildFile; fileRef = CCD089381DB151DB004A0F6D /* Main.storyboard */; };
		CCD0893C1DB151DB004A0F6D /* Assets.xcassets in Resources */ = {isa = PBXBuildFile; fileRef = CCD0893B1DB151DB004A0F6D /* Assets.xcassets */; };
		CCD0893F1DB151DB004A0F6D /* LaunchScreen.storyboard in Resources */ = {isa = PBXBuildFile; fileRef = CCD0893D1DB151DB004A0F6D /* LaunchScreen.storyboard */; };
		CCD089471DB15266004A0F6D /* AppsTableViewController.swift in Sources */ = {isa = PBXBuildFile; fileRef = CCD089461DB15266004A0F6D /* AppsTableViewController.swift */; };
		CCD089491DB153C4004A0F6D /* AppTableViewCell.swift in Sources */ = {isa = PBXBuildFile; fileRef = CCD089481DB153C4004A0F6D /* AppTableViewCell.swift */; };
		CCD0894B1DB158D5004A0F6D /* AppModel.swift in Sources */ = {isa = PBXBuildFile; fileRef = CCD0894A1DB158D5004A0F6D /* AppModel.swift */; };
		CCD0894D1DB15FCA004A0F6D /* FetchDataDelegate.swift in Sources */ = {isa = PBXBuildFile; fileRef = CCD0894C1DB15FCA004A0F6D /* FetchDataDelegate.swift */; };
		CCD9B8EA1DBE814C007D2F46 /* WishListTableViewCell.swift in Sources */ = {isa = PBXBuildFile; fileRef = CCD9B8E81DBE814C007D2F46 /* WishListTableViewCell.swift */; };
		CCD9B8EB1DBE814C007D2F46 /* WishListTableViewController.swift in Sources */ = {isa = PBXBuildFile; fileRef = CCD9B8E91DBE814C007D2F46 /* WishListTableViewController.swift */; };
		CCFFC8BA1DB556E40002D74A /* DetailViewController.swift in Sources */ = {isa = PBXBuildFile; fileRef = CCFFC8B91DB556E40002D74A /* DetailViewController.swift */; };
/* End PBXBuildFile section */

/* Begin PBXFileReference section */
		CCD089311DB151DB004A0F6D /* MyAppsProject.app */ = {isa = PBXFileReference; explicitFileType = wrapper.application; includeInIndex = 0; path = MyAppsProject.app; sourceTree = BUILT_PRODUCTS_DIR; };
		CCD089341DB151DB004A0F6D /* AppDelegate.swift */ = {isa = PBXFileReference; lastKnownFileType = sourcecode.swift; path = AppDelegate.swift; sourceTree = "<group>"; };
		CCD089391DB151DB004A0F6D /* Base */ = {isa = PBXFileReference; lastKnownFileType = file.storyboard; name = Base; path = Base.lproj/Main.storyboard; sourceTree = "<group>"; };
		CCD0893B1DB151DB004A0F6D /* Assets.xcassets */ = {isa = PBXFileReference; lastKnownFileType = folder.assetcatalog; path = Assets.xcassets; sourceTree = "<group>"; };
		CCD0893E1DB151DB004A0F6D /* Base */ = {isa = PBXFileReference; lastKnownFileType = file.storyboard; name = Base; path = Base.lproj/LaunchScreen.storyboard; sourceTree = "<group>"; };
		CCD089401DB151DB004A0F6D /* Info.plist */ = {isa = PBXFileReference; lastKnownFileType = text.plist.xml; path = Info.plist; sourceTree = "<group>"; };
		CCD089461DB15266004A0F6D /* AppsTableViewController.swift */ = {isa = PBXFileReference; fileEncoding = 4; lastKnownFileType = sourcecode.swift; path = AppsTableViewController.swift; sourceTree = "<group>"; };
		CCD089481DB153C4004A0F6D /* AppTableViewCell.swift */ = {isa = PBXFileReference; fileEncoding = 4; lastKnownFileType = sourcecode.swift; path = AppTableViewCell.swift; sourceTree = "<group>"; };
		CCD0894A1DB158D5004A0F6D /* AppModel.swift */ = {isa = PBXFileReference; fileEncoding = 4; lastKnownFileType = sourcecode.swift; path = AppModel.swift; sourceTree = "<group>"; };
		CCD0894C1DB15FCA004A0F6D /* FetchDataDelegate.swift */ = {isa = PBXFileReference; fileEncoding = 4; lastKnownFileType = sourcecode.swift; path = FetchDataDelegate.swift; sourceTree = "<group>"; };
		CCD9B8E81DBE814C007D2F46 /* WishListTableViewCell.swift */ = {isa = PBXFileReference; fileEncoding = 4; lastKnownFileType = sourcecode.swift; path = WishListTableViewCell.swift; sourceTree = "<group>"; };
		CCD9B8E91DBE814C007D2F46 /* WishListTableViewController.swift */ = {isa = PBXFileReference; fileEncoding = 4; lastKnownFileType = sourcecode.swift; path = WishListTableViewController.swift; sourceTree = "<group>"; };
		CCFFC8B91DB556E40002D74A /* DetailViewController.swift */ = {isa = PBXFileReference; fileEncoding = 4; lastKnownFileType = sourcecode.swift; path = DetailViewController.swift; sourceTree = "<group>"; };
/* End PBXFileReference section */

/* Begin PBXFrameworksBuildPhase section */
		CCD0892E1DB151DB004A0F6D /* Frameworks */ = {
			isa = PBXFrameworksBuildPhase;
			buildActionMask = 2147483647;
			files = (
			);
			runOnlyForDeploymentPostprocessing = 0;
		};
/* End PBXFrameworksBuildPhase section */

/* Begin PBXGroup section */
		CCD089281DB151DA004A0F6D = {
			isa = PBXGroup;
			children = (
				CCD089331DB151DB004A0F6D /* MyAppsProject */,
				CCD089321DB151DB004A0F6D /* Products */,
			);
			sourceTree = "<group>";
		};
		CCD089321DB151DB004A0F6D /* Products */ = {
			isa = PBXGroup;
			children = (
				CCD089311DB151DB004A0F6D /* MyAppsProject.app */,
			);
			name = Products;
			sourceTree = "<group>";
		};
		CCD089331DB151DB004A0F6D /* MyAppsProject */ = {
			isa = PBXGroup;
			children = (
				CCD089341DB151DB004A0F6D /* AppDelegate.swift */,
				CCD089381DB151DB004A0F6D /* Main.storyboard */,
				CCD0893B1DB151DB004A0F6D /* Assets.xcassets */,
				CCD0893D1DB151DB004A0F6D /* LaunchScreen.storyboard */,
				CCD089401DB151DB004A0F6D /* Info.plist */,
				CCD0894C1DB15FCA004A0F6D /* FetchDataDelegate.swift */,
				CCD089461DB15266004A0F6D /* AppsTableViewController.swift */,
				CCFFC8B91DB556E40002D74A /* DetailViewController.swift */,
				CCD089481DB153C4004A0F6D /* AppTableViewCell.swift */,
				CCD0894A1DB158D5004A0F6D /* AppModel.swift */,
				CCD9B8E81DBE814C007D2F46 /* WishListTableViewCell.swift */,
				CCD9B8E91DBE814C007D2F46 /* WishListTableViewController.swift */,
			);
			path = MyAppsProject;
			sourceTree = "<group>";
		};
/* End PBXGroup section */

/* Begin PBXNativeTarget section */
		CCD089301DB151DB004A0F6D /* MyAppsProject */ = {
			isa = PBXNativeTarget;
			buildConfigurationList = CCD089431DB151DB004A0F6D /* Build configuration list for PBXNativeTarget "MyAppsProject" */;
			buildPhases = (
				CCD0892D1DB151DB004A0F6D /* Sources */,
				CCD0892E1DB151DB004A0F6D /* Frameworks */,
				CCD0892F1DB151DB004A0F6D /* Resources */,
			);
			buildRules = (
			);
			dependencies = (
			);
			name = MyAppsProject;
			productName = MyAppsProject;
			productReference = CCD089311DB151DB004A0F6D /* MyAppsProject.app */;
			productType = "com.apple.product-type.application";
		};
/* End PBXNativeTarget section */

/* Begin PBXProject section */
		CCD089291DB151DA004A0F6D /* Project object */ = {
			isa = PBXProject;
			attributes = {
				LastSwiftUpdateCheck = 0800;
				LastUpgradeCheck = 0800;
				ORGANIZATIONNAME = PielDeJaguar;
				TargetAttributes = {
					CCD089301DB151DB004A0F6D = {
						CreatedOnToolsVersion = 8.0;
						DevelopmentTeam = JM33QBQ4S7;
						ProvisioningStyle = Automatic;
					};
				};
			};
			buildConfigurationList = CCD0892C1DB151DA004A0F6D /* Build configuration list for PBXProject "MyAppsProject" */;
			compatibilityVersion = "Xcode 3.2";
			developmentRegion = English;
			hasScannedForEncodings = 0;
			knownRegions = (
				en,
				Base,
			);
			mainGroup = CCD089281DB151DA004A0F6D;
			productRefGroup = CCD089321DB151DB004A0F6D /* Products */;
			projectDirPath = "";
			projectRoot = "";
			targets = (
				CCD089301DB151DB004A0F6D /* MyAppsProject */,
			);
		};
/* End PBXProject section */

/* Begin PBXResourcesBuildPhase section */
		CCD0892F1DB151DB004A0F6D /* Resources */ = {
			isa = PBXResourcesBuildPhase;
			buildActionMask = 2147483647;
			files = (
				CCD0893F1DB151DB004A0F6D /* LaunchScreen.storyboard in Resources */,
				CCD0893C1DB151DB004A0F6D /* Assets.xcassets in Resources */,
				CCD0893A1DB151DB004A0F6D /* Main.storyboard in Resources */,
			);
			runOnlyForDeploymentPostprocessing = 0;
		};
/* End PBXResourcesBuildPhase section */

/* Begin PBXSourcesBuildPhase section */
		CCD0892D1DB151DB004A0F6D /* Sources */ = {
			isa = PBXSourcesBuildPhase;
			buildActionMask = 2147483647;
			files = (
				CCD089351DB151DB004A0F6D /* AppDelegate.swift in Sources */,
				CCD089471DB15266004A0F6D /* AppsTableViewController.swift in Sources */,
				CCD9B8EA1DBE814C007D2F46 /* WishListTableViewCell.swift in Sources */,
				CCD0894D1DB15FCA004A0F6D /* FetchDataDelegate.swift in Sources */,
				CCFFC8BA1DB556E40002D74A /* DetailViewController.swift in Sources */,
				CCD089491DB153C4004A0F6D /* AppTableViewCell.swift in Sources */,
				CCD9B8EB1DBE814C007D2F46 /* WishListTableViewController.swift in Sources */,
				CCD0894B1DB158D5004A0F6D /* AppModel.swift in Sources */,
			);
			runOnlyForDeploymentPostprocessing = 0;
		};
/* End PBXSourcesBuildPhase section */

/* Begin PBXVariantGroup section */
		CCD089381DB151DB004A0F6D /* Main.storyboard */ = {
			isa = PBXVariantGroup;
			children = (
				CCD089391DB151DB004A0F6D /* Base */,
			);
			name = Main.storyboard;
			sourceTree = "<group>";
		};
		CCD0893D1DB151DB004A0F6D /* LaunchScreen.storyboard */ = {
			isa = PBXVariantGroup;
			children = (
				CCD0893E1DB151DB004A0F6D /* Base */,
			);
			name = LaunchScreen.storyboard;
			sourceTree = "<group>";
		};
/* End PBXVariantGroup section */

/* Begin XCBuildConfiguration section */
		CCD089411DB151DB004A0F6D /* Debug */ = {
			isa = XCBuildConfiguration;
			buildSettings = {
				ALWAYS_SEARCH_USER_PATHS = NO;
				CLANG_ANALYZER_NONNULL = YES;
				CLANG_CXX_LANGUAGE_STANDARD = "gnu++0x";
				CLANG_CXX_LIBRARY = "libc++";
				CLANG_ENABLE_MODULES = YES;
				CLANG_ENABLE_OBJC_ARC = YES;
				CLANG_WARN_BOOL_CONVERSION = YES;
				CLANG_WARN_CONSTANT_CONVERSION = YES;
				CLANG_WARN_DIRECT_OBJC_ISA_USAGE = YES_ERROR;
				CLANG_WARN_DOCUMENTATION_COMMENTS = YES;
				CLANG_WARN_EMPTY_BODY = YES;
				CLANG_WARN_ENUM_CONVERSION = YES;
				CLANG_WARN_INFINITE_RECURSION = YES;
				CLANG_WARN_INT_CONVERSION = YES;
				CLANG_WARN_OBJC_ROOT_CLASS = YES_ERROR;
				CLANG_WARN_SUSPICIOUS_MOVES = YES;
				CLANG_WARN_UNREACHABLE_CODE = YES;
				CLANG_WARN__DUPLICATE_METHOD_MATCH = YES;
				"CODE_SIGN_IDENTITY[sdk=iphoneos*]" = "iPhone Developer";
				COPY_PHASE_STRIP = NO;
				DEBUG_INFORMATION_FORMAT = dwarf;
				ENABLE_STRICT_OBJC_MSGSEND = YES;
				ENABLE_TESTABILITY = YES;
				GCC_C_LANGUAGE_STANDARD = gnu99;
				GCC_DYNAMIC_NO_PIC = NO;
				GCC_NO_COMMON_BLOCKS = YES;
				GCC_OPTIMIZATION_LEVEL = 0;
				GCC_PREPROCESSOR_DEFINITIONS = (
					"DEBUG=1",
					"$(inherited)",
				);
				GCC_WARN_64_TO_32_BIT_CONVERSION = YES;
				GCC_WARN_ABOUT_RETURN_TYPE = YES_ERROR;
				GCC_WARN_UNDECLARED_SELECTOR = YES;
				GCC_WARN_UNINITIALIZED_AUTOS = YES_AGGRESSIVE;
				GCC_WARN_UNUSED_FUNCTION = YES;
				GCC_WARN_UNUSED_VARIABLE = YES;
				IPHONEOS_DEPLOYMENT_TARGET = 10.0;
				MTL_ENABLE_DEBUG_INFO = YES;
				ONLY_ACTIVE_ARCH = YES;
				SDKROOT = iphoneos;
				SWIFT_ACTIVE_COMPILATION_CONDITIONS = DEBUG;
				SWIFT_OPTIMIZATION_LEVEL = "-Onone";
			};
			name = Debug;
		};
		CCD089421DB151DB004A0F6D /* Release */ = {
			isa = XCBuildConfiguration;
			buildSettings = {
				ALWAYS_SEARCH_USER_PATHS = NO;
				CLANG_ANALYZER_NONNULL = YES;
				CLANG_CXX_LANGUAGE_STANDARD = "gnu++0x";
				CLANG_CXX_LIBRARY = "libc++";
				CLANG_ENABLE_MODULES = YES;
				CLANG_ENABLE_OBJC_ARC = YES;
				CLANG_WARN_BOOL_CONVERSION = YES;
				CLANG_WARN_CONSTANT_CONVERSION = YES;
				CLANG_WARN_DIRECT_OBJC_ISA_USAGE = YES_ERROR;
				CLANG_WARN_DOCUMENTATION_COMMENTS = YES;
				CLANG_WARN_EMPTY_BODY = YES;
				CLANG_WARN_ENUM_CONVERSION = YES;
				CLANG_WARN_INFINITE_RECURSION = YES;
				CLANG_WARN_INT_CONVERSION = YES;
				CLANG_WARN_OBJC_ROOT_CLASS = YES_ERROR;
				CLANG_WARN_SUSPICIOUS_MOVES = YES;
				CLANG_WARN_UNREACHABLE_CODE = YES;
				CLANG_WARN__DUPLICATE_METHOD_MATCH = YES;
				"CODE_SIGN_IDENTITY[sdk=iphoneos*]" = "iPhone Developer";
				COPY_PHASE_STRIP = NO;
				DEBUG_INFORMATION_FORMAT = "dwarf-with-dsym";
				ENABLE_NS_ASSERTIONS = NO;
				ENABLE_STRICT_OBJC_MSGSEND = YES;
				GCC_C_LANGUAGE_STANDARD = gnu99;
				GCC_NO_COMMON_BLOCKS = YES;
				GCC_WARN_64_TO_32_BIT_CONVERSION = YES;
				GCC_WARN_ABOUT_RETURN_TYPE = YES_ERROR;
				GCC_WARN_UNDECLARED_SELECTOR = YES;
				GCC_WARN_UNINITIALIZED_AUTOS = YES_AGGRESSIVE;
				GCC_WARN_UNUSED_FUNCTION = YES;
				GCC_WARN_UNUSED_VARIABLE = YES;
				IPHONEOS_DEPLOYMENT_TARGET = 10.0;
				MTL_ENABLE_DEBUG_INFO = NO;
				SDKROOT = iphoneos;
				SWIFT_OPTIMIZATION_LEVEL = "-Owholemodule";
				VALIDATE_PRODUCT = YES;
			};
			name = Release;
		};
		CCD089441DB151DB004A0F6D /* Debug */ = {
			isa = XCBuildConfiguration;
			buildSettings = {
				ASSETCATALOG_COMPILER_APPICON_NAME = AppIcon;
				DEVELOPMENT_TEAM = JM33QBQ4S7;
				INFOPLIST_FILE = MyAppsProject/Info.plist;
				LD_RUNPATH_SEARCH_PATHS = "$(inherited) @executable_path/Frameworks";
				PRODUCT_BUNDLE_IDENTIFIER = com.PielDeJaguar.MyAppsProject;
				PRODUCT_NAME = "$(TARGET_NAME)";
				SWIFT_VERSION = 3.0;
			};
			name = Debug;
		};
		CCD089451DB151DB004A0F6D /* Release */ = {
			isa = XCBuildConfiguration;
			buildSettings = {
				ASSETCATALOG_COMPILER_APPICON_NAME = AppIcon;
				DEVELOPMENT_TEAM = JM33QBQ4S7;
				INFOPLIST_FILE = MyAppsProject/Info.plist;
				LD_RUNPATH_SEARCH_PATHS = "$(inherited) @executable_path/Frameworks";
				PRODUCT_BUNDLE_IDENTIFIER = com.PielDeJaguar.MyAppsProject;
				PRODUCT_NAME = "$(TARGET_NAME)";
				SWIFT_VERSION = 3.0;
			};
			name = Release;
		};
/* End XCBuildConfiguration section */

/* Begin XCConfigurationList section */
		CCD0892C1DB151DA004A0F6D /* Build configuration list for PBXProject "MyAppsProject" */ = {
			isa = XCConfigurationList;
			buildConfigurations = (
				CCD089411DB151DB004A0F6D /* Debug */,
				CCD089421DB151DB004A0F6D /* Release */,
			);
			defaultConfigurationIsVisible = 0;
			defaultConfigurationName = Release;
		};
		CCD089431DB151DB004A0F6D /* Build configuration list for PBXNativeTarget "MyAppsProject" */ = {
			isa = XCConfigurationList;
			buildConfigurations = (
				CCD089441DB151DB004A0F6D /* Debug */,
				CCD089451DB151DB004A0F6D /* Release */,
			);
			defaultConfigurationIsVisible = 0;
			defaultConfigurationName = Release;
		};
/* End XCConfigurationList section */
	};
	rootObject = CCD089291DB151DA004A0F6D /* Project object */;
}
